
Microsoft Visual Studio Solution File, Format Version 12.00
# Visual Studio Version 16
VisualStudioVersion = 16.0.29001.49
MinimumVisualStudioVersion = 10.0.40219.1
Project("{9A19103F-16F7-4668-BE54-9A1E7A4F7556}") = "SupplyOfProducts.Api", "SupplyOfProducts.Api\SupplyOfProducts.Api.csproj", "{BE8E9BDE-DAD2-4F37-8B7F-57D96E142927}"
EndProject
Project("{9A19103F-16F7-4668-BE54-9A1E7A4F7556}") = "SupplyOfProducts.Entities", "SupplyOfProducts.Entities\SupplyOfProducts.Entities.csproj", "{0E5369E4-E24E-4392-8103-C81D66782445}"
EndProject
Project("{9A19103F-16F7-4668-BE54-9A1E7A4F7556}") = "SupplyOfProducts.Interfaces", "SupplyOfProducts.Interfaces\SupplyOfProducts.Interfaces.csproj", "{0E04077E-985D-4F0F-A83F-3E43AEBE62DB}"
EndProject
Project("{9A19103F-16F7-4668-BE54-9A1E7A4F7556}") = "SupplyOfProducts.Persistance", "SupplyOfProducts.Persistance\SupplyOfProducts.Persistance.csproj", "{6F200FB5-910B-4469-A220-6AB731D19299}"
EndProject
Project("{9A19103F-16F7-4668-BE54-9A1E7A4F7556}") = "SupplyOfProducts.BusinessLogic", "SupplyOfProducts.BusinessLogic\SupplyOfProducts.BusinessLogic.csproj", "{E04597E8-F9FD-4EF6-9490-F4911194998A}"
EndProject
Project("{9A19103F-16F7-4668-BE54-9A1E7A4F7556}") = "SupplyOfProducts.Test", "SupplyOfProducts.Test\SupplyOfProducts.Test.csproj", "{335D1E71-8D48-4981-961F-3E68383D10FA}"
EndProject
Project("{9A19103F-16F7-4668-BE54-9A1E7A4F7556}") = "SupplyOfProducts.PersistanceDDBB", "SupplyOfProducts.PersistanceDDBB\SupplyOfProducts.PersistanceDDBB.csproj", "{B5C3D468-1213-4DB9-A885-4BAB34224AAF}"
EndProject
Project("{9A19103F-16F7-4668-BE54-9A1E7A4F7556}") = "SupplyOfProducts.Console3.0", "SupplyOfProducts.Console3.0\SupplyOfProducts.Console3.0.csproj", "{6C77D817-7B99-4382-9E55-037E9BD054E9}"
EndProject
Project("{9A19103F-16F7-4668-BE54-9A1E7A4F7556}") = "SupplyOfProducts.WF3.0", "SupplyOfProducts.WF3.0\SupplyOfProducts.WF3.0.csproj", "{35B628B8-C065-4D93-87E6-43242B6ACBFA}"
EndProject
Project("{FAE04EC0-301F-11D3-BF4B-00C04F79EFBC}") = "SupplyOfProducts.WF_Designer", "SupplyOfProducts.WF_Designer\SupplyOfProducts.WF_Designer.csproj", "{1D057B42-B6C1-4ACD-8556-F754AEF0E702}"
EndProject
Project("{9A19103F-16F7-4668-BE54-9A1E7A4F7556}") = "SupplyOfProducts.Api.Common", "SupplyOfProducts.Api.Common\SupplyOfProducts.Api.Common.csproj", "{925C7E1C-DD1B-44C2-A94F-8F3659CB97BA}"
EndProject
Global
	GlobalSection(SolutionConfigurationPlatforms) = preSolution
		Ad-Hoc|Any CPU = Ad-Hoc|Any CPU
		Ad-Hoc|iPhone = Ad-Hoc|iPhone
		Ad-Hoc|iPhoneSimulator = Ad-Hoc|iPhoneSimulator
		AppStore|Any CPU = AppStore|Any CPU
		AppStore|iPhone = AppStore|iPhone
		AppStore|iPhoneSimulator = AppStore|iPhoneSimulator
		Debug|Any CPU = Debug|Any CPU
		Debug|iPhone = Debug|iPhone
		Debug|iPhoneSimulator = Debug|iPhoneSimulator
		Release|Any CPU = Release|Any CPU
		Release|iPhone = Release|iPhone
		Release|iPhoneSimulator = Release|iPhoneSimulator
	EndGlobalSection
	GlobalSection(ProjectConfigurationPlatforms) = postSolution
		{BE8E9BDE-DAD2-4F37-8B7F-57D96E142927}.Ad-Hoc|Any CPU.ActiveCfg = Release|Any CPU
		{BE8E9BDE-DAD2-4F37-8B7F-57D96E142927}.Ad-Hoc|Any CPU.Build.0 = Release|Any CPU
		{BE8E9BDE-DAD2-4F37-8B7F-57D96E142927}.Ad-Hoc|iPhone.ActiveCfg = Release|Any CPU
		{BE8E9BDE-DAD2-4F37-8B7F-57D96E142927}.Ad-Hoc|iPhone.Build.0 = Release|Any CPU
		{BE8E9BDE-DAD2-4F37-8B7F-57D96E142927}.Ad-Hoc|iPhoneSimulator.ActiveCfg = Release|Any CPU
		{BE8E9BDE-DAD2-4F37-8B7F-57D96E142927}.Ad-Hoc|iPhoneSimulator.Build.0 = Release|Any CPU
		{BE8E9BDE-DAD2-4F37-8B7F-57D96E142927}.AppStore|Any CPU.ActiveCfg = Release|Any CPU
		{BE8E9BDE-DAD2-4F37-8B7F-57D96E142927}.AppStore|Any CPU.Build.0 = Release|Any CPU
		{BE8E9BDE-DAD2-4F37-8B7F-57D96E142927}.AppStore|iPhone.ActiveCfg = Release|Any CPU
		{BE8E9BDE-DAD2-4F37-8B7F-57D96E142927}.AppStore|iPhone.Build.0 = Release|Any CPU
		{BE8E9BDE-DAD2-4F37-8B7F-57D96E142927}.AppStore|iPhoneSimulator.ActiveCfg = Release|Any CPU
		{BE8E9BDE-DAD2-4F37-8B7F-57D96E142927}.AppStore|iPhoneSimulator.Build.0 = Release|Any CPU
		{BE8E9BDE-DAD2-4F37-8B7F-57D96E142927}.Debug|Any CPU.ActiveCfg = Debug|Any CPU
		{BE8E9BDE-DAD2-4F37-8B7F-57D96E142927}.Debug|Any CPU.Build.0 = Debug|Any CPU
		{BE8E9BDE-DAD2-4F37-8B7F-57D96E142927}.Debug|iPhone.ActiveCfg = Debug|Any CPU
		{BE8E9BDE-DAD2-4F37-8B7F-57D96E142927}.Debug|iPhone.Build.0 = Debug|Any CPU
		{BE8E9BDE-DAD2-4F37-8B7F-57D96E142927}.Debug|iPhoneSimulator.ActiveCfg = Debug|Any CPU
		{BE8E9BDE-DAD2-4F37-8B7F-57D96E142927}.Debug|iPhoneSimulator.Build.0 = Debug|Any CPU
		{BE8E9BDE-DAD2-4F37-8B7F-57D96E142927}.Release|Any CPU.ActiveCfg = Release|Any CPU
		{BE8E9BDE-DAD2-4F37-8B7F-57D96E142927}.Release|Any CPU.Build.0 = Release|Any CPU
		{BE8E9BDE-DAD2-4F37-8B7F-57D96E142927}.Release|iPhone.ActiveCfg = Release|Any CPU
		{BE8E9BDE-DAD2-4F37-8B7F-57D96E142927}.Release|iPhone.Build.0 = Release|Any CPU
		{BE8E9BDE-DAD2-4F37-8B7F-57D96E142927}.Release|iPhoneSimulator.ActiveCfg = Release|Any CPU
		{BE8E9BDE-DAD2-4F37-8B7F-57D96E142927}.Release|iPhoneSimulator.Build.0 = Release|Any CPU
		{0E5369E4-E24E-4392-8103-C81D66782445}.Ad-Hoc|Any CPU.ActiveCfg = Release|Any CPU
		{0E5369E4-E24E-4392-8103-C81D66782445}.Ad-Hoc|Any CPU.Build.0 = Release|Any CPU
		{0E5369E4-E24E-4392-8103-C81D66782445}.Ad-Hoc|iPhone.ActiveCfg = Release|Any CPU
		{0E5369E4-E24E-4392-8103-C81D66782445}.Ad-Hoc|iPhone.Build.0 = Release|Any CPU
		{0E5369E4-E24E-4392-8103-C81D66782445}.Ad-Hoc|iPhoneSimulator.ActiveCfg = Release|Any CPU
		{0E5369E4-E24E-4392-8103-C81D66782445}.Ad-Hoc|iPhoneSimulator.Build.0 = Release|Any CPU
		{0E5369E4-E24E-4392-8103-C81D66782445}.AppStore|Any CPU.ActiveCfg = Release|Any CPU
		{0E5369E4-E24E-4392-8103-C81D66782445}.AppStore|Any CPU.Build.0 = Release|Any CPU
		{0E5369E4-E24E-4392-8103-C81D66782445}.AppStore|iPhone.ActiveCfg = Release|Any CPU
		{0E5369E4-E24E-4392-8103-C81D66782445}.AppStore|iPhone.Build.0 = Release|Any CPU
		{0E5369E4-E24E-4392-8103-C81D66782445}.AppStore|iPhoneSimulator.ActiveCfg = Release|Any CPU
		{0E5369E4-E24E-4392-8103-C81D66782445}.AppStore|iPhoneSimulator.Build.0 = Release|Any CPU
		{0E5369E4-E24E-4392-8103-C81D66782445}.Debug|Any CPU.ActiveCfg = Debug|Any CPU
		{0E5369E4-E24E-4392-8103-C81D66782445}.Debug|Any CPU.Build.0 = Debug|Any CPU
		{0E5369E4-E24E-4392-8103-C81D66782445}.Debug|iPhone.ActiveCfg = Debug|Any CPU
		{0E5369E4-E24E-4392-8103-C81D66782445}.Debug|iPhone.Build.0 = Debug|Any CPU
		{0E5369E4-E24E-4392-8103-C81D66782445}.Debug|iPhoneSimulator.ActiveCfg = Debug|Any CPU
		{0E5369E4-E24E-4392-8103-C81D66782445}.Debug|iPhoneSimulator.Build.0 = Debug|Any CPU
		{0E5369E4-E24E-4392-8103-C81D66782445}.Release|Any CPU.ActiveCfg = Release|Any CPU
		{0E5369E4-E24E-4392-8103-C81D66782445}.Release|Any CPU.Build.0 = Release|Any CPU
		{0E5369E4-E24E-4392-8103-C81D66782445}.Release|iPhone.ActiveCfg = Release|Any CPU
		{0E5369E4-E24E-4392-8103-C81D66782445}.Release|iPhone.Build.0 = Release|Any CPU
		{0E5369E4-E24E-4392-8103-C81D66782445}.Release|iPhoneSimulator.ActiveCfg = Release|Any CPU
		{0E5369E4-E24E-4392-8103-C81D66782445}.Release|iPhoneSimulator.Build.0 = Release|Any CPU
		{0E04077E-985D-4F0F-A83F-3E43AEBE62DB}.Ad-Hoc|Any CPU.ActiveCfg = Release|Any CPU
		{0E04077E-985D-4F0F-A83F-3E43AEBE62DB}.Ad-Hoc|Any CPU.Build.0 = Release|Any CPU
		{0E04077E-985D-4F0F-A83F-3E43AEBE62DB}.Ad-Hoc|iPhone.ActiveCfg = Release|Any CPU
		{0E04077E-985D-4F0F-A83F-3E43AEBE62DB}.Ad-Hoc|iPhone.Build.0 = Release|Any CPU
		{0E04077E-985D-4F0F-A83F-3E43AEBE62DB}.Ad-Hoc|iPhoneSimulator.ActiveCfg = Release|Any CPU
		{0E04077E-985D-4F0F-A83F-3E43AEBE62DB}.Ad-Hoc|iPhoneSimulator.Build.0 = Release|Any CPU
		{0E04077E-985D-4F0F-A83F-3E43AEBE62DB}.AppStore|Any CPU.ActiveCfg = Release|Any CPU
		{0E04077E-985D-4F0F-A83F-3E43AEBE62DB}.AppStore|Any CPU.Build.0 = Release|Any CPU
		{0E04077E-985D-4F0F-A83F-3E43AEBE62DB}.AppStore|iPhone.ActiveCfg = Release|Any CPU
		{0E04077E-985D-4F0F-A83F-3E43AEBE62DB}.AppStore|iPhone.Build.0 = Release|Any CPU
		{0E04077E-985D-4F0F-A83F-3E43AEBE62DB}.AppStore|iPhoneSimulator.ActiveCfg = Release|Any CPU
		{0E04077E-985D-4F0F-A83F-3E43AEBE62DB}.AppStore|iPhoneSimulator.Build.0 = Release|Any CPU
		{0E04077E-985D-4F0F-A83F-3E43AEBE62DB}.Debug|Any CPU.ActiveCfg = Debug|Any CPU
		{0E04077E-985D-4F0F-A83F-3E43AEBE62DB}.Debug|Any CPU.Build.0 = Debug|Any CPU
		{0E04077E-985D-4F0F-A83F-3E43AEBE62DB}.Debug|iPhone.ActiveCfg = Debug|Any CPU
		{0E04077E-985D-4F0F-A83F-3E43AEBE62DB}.Debug|iPhone.Build.0 = Debug|Any CPU
		{0E04077E-985D-4F0F-A83F-3E43AEBE62DB}.Debug|iPhoneSimulator.ActiveCfg = Debug|Any CPU
		{0E04077E-985D-4F0F-A83F-3E43AEBE62DB}.Debug|iPhoneSimulator.Build.0 = Debug|Any CPU
		{0E04077E-985D-4F0F-A83F-3E43AEBE62DB}.Release|Any CPU.ActiveCfg = Release|Any CPU
		{0E04077E-985D-4F0F-A83F-3E43AEBE62DB}.Release|Any CPU.Build.0 = Release|Any CPU
		{0E04077E-985D-4F0F-A83F-3E43AEBE62DB}.Release|iPhone.ActiveCfg = Release|Any CPU
		{0E04077E-985D-4F0F-A83F-3E43AEBE62DB}.Release|iPhone.Build.0 = Release|Any CPU
		{0E04077E-985D-4F0F-A83F-3E43AEBE62DB}.Release|iPhoneSimulator.ActiveCfg = Release|Any CPU
		{0E04077E-985D-4F0F-A83F-3E43AEBE62DB}.Release|iPhoneSimulator.Build.0 = Release|Any CPU
		{6F200FB5-910B-4469-A220-6AB731D19299}.Ad-Hoc|Any CPU.ActiveCfg = Release|Any CPU
		{6F200FB5-910B-4469-A220-6AB731D19299}.Ad-Hoc|Any CPU.Build.0 = Release|Any CPU
		{6F200FB5-910B-4469-A220-6AB731D19299}.Ad-Hoc|iPhone.ActiveCfg = Release|Any CPU
		{6F200FB5-910B-4469-A220-6AB731D19299}.Ad-Hoc|iPhone.Build.0 = Release|Any CPU
		{6F200FB5-910B-4469-A220-6AB731D19299}.Ad-Hoc|iPhoneSimulator.ActiveCfg = Release|Any CPU
		{6F200FB5-910B-4469-A220-6AB731D19299}.Ad-Hoc|iPhoneSimulator.Build.0 = Release|Any CPU
		{6F200FB5-910B-4469-A220-6AB731D19299}.AppStore|Any CPU.ActiveCfg = Release|Any CPU
		{6F200FB5-910B-4469-A220-6AB731D19299}.AppStore|Any CPU.Build.0 = Release|Any CPU
		{6F200FB5-910B-4469-A220-6AB731D19299}.AppStore|iPhone.ActiveCfg = Release|Any CPU
		{6F200FB5-910B-4469-A220-6AB731D19299}.AppStore|iPhone.Build.0 = Release|Any CPU
		{6F200FB5-910B-4469-A220-6AB731D19299}.AppStore|iPhoneSimulator.ActiveCfg = Release|Any CPU
		{6F200FB5-910B-4469-A220-6AB731D19299}.AppStore|iPhoneSimulator.Build.0 = Release|Any CPU
		{6F200FB5-910B-4469-A220-6AB731D19299}.Debug|Any CPU.ActiveCfg = Debug|Any CPU
		{6F200FB5-910B-4469-A220-6AB731D19299}.Debug|Any CPU.Build.0 = Debug|Any CPU
		{6F200FB5-910B-4469-A220-6AB731D19299}.Debug|iPhone.ActiveCfg = Debug|Any CPU
		{6F200FB5-910B-4469-A220-6AB731D19299}.Debug|iPhone.Build.0 = Debug|Any CPU
		{6F200FB5-910B-4469-A220-6AB731D19299}.Debug|iPhoneSimulator.ActiveCfg = Debug|Any CPU
		{6F200FB5-910B-4469-A220-6AB731D19299}.Debug|iPhoneSimulator.Build.0 = Debug|Any CPU
		{6F200FB5-910B-4469-A220-6AB731D19299}.Release|Any CPU.ActiveCfg = Release|Any CPU
		{6F200FB5-910B-4469-A220-6AB731D19299}.Release|Any CPU.Build.0 = Release|Any CPU
		{6F200FB5-910B-4469-A220-6AB731D19299}.Release|iPhone.ActiveCfg = Release|Any CPU
		{6F200FB5-910B-4469-A220-6AB731D19299}.Release|iPhone.Build.0 = Release|Any CPU
		{6F200FB5-910B-4469-A220-6AB731D19299}.Release|iPhoneSimulator.ActiveCfg = Release|Any CPU
		{6F200FB5-910B-4469-A220-6AB731D19299}.Release|iPhoneSimulator.Build.0 = Release|Any CPU
		{E04597E8-F9FD-4EF6-9490-F4911194998A}.Ad-Hoc|Any CPU.ActiveCfg = Release|Any CPU
		{E04597E8-F9FD-4EF6-9490-F4911194998A}.Ad-Hoc|Any CPU.Build.0 = Release|Any CPU
		{E04597E8-F9FD-4EF6-9490-F4911194998A}.Ad-Hoc|iPhone.ActiveCfg = Release|Any CPU
		{E04597E8-F9FD-4EF6-9490-F4911194998A}.Ad-Hoc|iPhone.Build.0 = Release|Any CPU
		{E04597E8-F9FD-4EF6-9490-F4911194998A}.Ad-Hoc|iPhoneSimulator.ActiveCfg = Release|Any CPU
		{E04597E8-F9FD-4EF6-9490-F4911194998A}.Ad-Hoc|iPhoneSimulator.Build.0 = Release|Any CPU
		{E04597E8-F9FD-4EF6-9490-F4911194998A}.AppStore|Any CPU.ActiveCfg = Release|Any CPU
		{E04597E8-F9FD-4EF6-9490-F4911194998A}.AppStore|Any CPU.Build.0 = Release|Any CPU
		{E04597E8-F9FD-4EF6-9490-F4911194998A}.AppStore|iPhone.ActiveCfg = Release|Any CPU
		{E04597E8-F9FD-4EF6-9490-F4911194998A}.AppStore|iPhone.Build.0 = Release|Any CPU
		{E04597E8-F9FD-4EF6-9490-F4911194998A}.AppStore|iPhoneSimulator.ActiveCfg = Release|Any CPU
		{E04597E8-F9FD-4EF6-9490-F4911194998A}.AppStore|iPhoneSimulator.Build.0 = Release|Any CPU
		{E04597E8-F9FD-4EF6-9490-F4911194998A}.Debug|Any CPU.ActiveCfg = Debug|Any CPU
		{E04597E8-F9FD-4EF6-9490-F4911194998A}.Debug|Any CPU.Build.0 = Debug|Any CPU
		{E04597E8-F9FD-4EF6-9490-F4911194998A}.Debug|iPhone.ActiveCfg = Debug|Any CPU
		{E04597E8-F9FD-4EF6-9490-F4911194998A}.Debug|iPhone.Build.0 = Debug|Any CPU
		{E04597E8-F9FD-4EF6-9490-F4911194998A}.Debug|iPhoneSimulator.ActiveCfg = Debug|Any CPU
		{E04597E8-F9FD-4EF6-9490-F4911194998A}.Debug|iPhoneSimulator.Build.0 = Debug|Any CPU
		{E04597E8-F9FD-4EF6-9490-F4911194998A}.Release|Any CPU.ActiveCfg = Release|Any CPU
		{E04597E8-F9FD-4EF6-9490-F4911194998A}.Release|Any CPU.Build.0 = Release|Any CPU
		{E04597E8-F9FD-4EF6-9490-F4911194998A}.Release|iPhone.ActiveCfg = Release|Any CPU
		{E04597E8-F9FD-4EF6-9490-F4911194998A}.Release|iPhone.Build.0 = Release|Any CPU
		{E04597E8-F9FD-4EF6-9490-F4911194998A}.Release|iPhoneSimulator.ActiveCfg = Release|Any CPU
		{E04597E8-F9FD-4EF6-9490-F4911194998A}.Release|iPhoneSimulator.Build.0 = Release|Any CPU
		{335D1E71-8D48-4981-961F-3E68383D10FA}.Ad-Hoc|Any CPU.ActiveCfg = Release|Any CPU
		{335D1E71-8D48-4981-961F-3E68383D10FA}.Ad-Hoc|Any CPU.Build.0 = Release|Any CPU
		{335D1E71-8D48-4981-961F-3E68383D10FA}.Ad-Hoc|iPhone.ActiveCfg = Release|Any CPU
		{335D1E71-8D48-4981-961F-3E68383D10FA}.Ad-Hoc|iPhone.Build.0 = Release|Any CPU
		{335D1E71-8D48-4981-961F-3E68383D10FA}.Ad-Hoc|iPhoneSimulator.ActiveCfg = Release|Any CPU
		{335D1E71-8D48-4981-961F-3E68383D10FA}.Ad-Hoc|iPhoneSimulator.Build.0 = Release|Any CPU
		{335D1E71-8D48-4981-961F-3E68383D10FA}.AppStore|Any CPU.ActiveCfg = Release|Any CPU
		{335D1E71-8D48-4981-961F-3E68383D10FA}.AppStore|Any CPU.Build.0 = Release|Any CPU
		{335D1E71-8D48-4981-961F-3E68383D10FA}.AppStore|iPhone.ActiveCfg = Release|Any CPU
		{335D1E71-8D48-4981-961F-3E68383D10FA}.AppStore|iPhone.Build.0 = Release|Any CPU
		{335D1E71-8D48-4981-961F-3E68383D10FA}.AppStore|iPhoneSimulator.ActiveCfg = Release|Any CPU
		{335D1E71-8D48-4981-961F-3E68383D10FA}.AppStore|iPhoneSimulator.Build.0 = Release|Any CPU
		{335D1E71-8D48-4981-961F-3E68383D10FA}.Debug|Any CPU.ActiveCfg = Debug|Any CPU
		{335D1E71-8D48-4981-961F-3E68383D10FA}.Debug|Any CPU.Build.0 = Debug|Any CPU
		{335D1E71-8D48-4981-961F-3E68383D10FA}.Debug|iPhone.ActiveCfg = Debug|Any CPU
		{335D1E71-8D48-4981-961F-3E68383D10FA}.Debug|iPhone.Build.0 = Debug|Any CPU
		{335D1E71-8D48-4981-961F-3E68383D10FA}.Debug|iPhoneSimulator.ActiveCfg = Debug|Any CPU
		{335D1E71-8D48-4981-961F-3E68383D10FA}.Debug|iPhoneSimulator.Build.0 = Debug|Any CPU
		{335D1E71-8D48-4981-961F-3E68383D10FA}.Release|Any CPU.ActiveCfg = Release|Any CPU
		{335D1E71-8D48-4981-961F-3E68383D10FA}.Release|Any CPU.Build.0 = Release|Any CPU
		{335D1E71-8D48-4981-961F-3E68383D10FA}.Release|iPhone.ActiveCfg = Release|Any CPU
		{335D1E71-8D48-4981-961F-3E68383D10FA}.Release|iPhone.Build.0 = Release|Any CPU
		{335D1E71-8D48-4981-961F-3E68383D10FA}.Release|iPhoneSimulator.ActiveCfg = Release|Any CPU
		{335D1E71-8D48-4981-961F-3E68383D10FA}.Release|iPhoneSimulator.Build.0 = Release|Any CPU
		{B5C3D468-1213-4DB9-A885-4BAB34224AAF}.Ad-Hoc|Any CPU.ActiveCfg = Release|Any CPU
		{B5C3D468-1213-4DB9-A885-4BAB34224AAF}.Ad-Hoc|Any CPU.Build.0 = Release|Any CPU
		{B5C3D468-1213-4DB9-A885-4BAB34224AAF}.Ad-Hoc|iPhone.ActiveCfg = Release|Any CPU
		{B5C3D468-1213-4DB9-A885-4BAB34224AAF}.Ad-Hoc|iPhone.Build.0 = Release|Any CPU
		{B5C3D468-1213-4DB9-A885-4BAB34224AAF}.Ad-Hoc|iPhoneSimulator.ActiveCfg = Release|Any CPU
		{B5C3D468-1213-4DB9-A885-4BAB34224AAF}.Ad-Hoc|iPhoneSimulator.Build.0 = Release|Any CPU
		{B5C3D468-1213-4DB9-A885-4BAB34224AAF}.AppStore|Any CPU.ActiveCfg = Release|Any CPU
		{B5C3D468-1213-4DB9-A885-4BAB34224AAF}.AppStore|Any CPU.Build.0 = Release|Any CPU
		{B5C3D468-1213-4DB9-A885-4BAB34224AAF}.AppStore|iPhone.ActiveCfg = Release|Any CPU
		{B5C3D468-1213-4DB9-A885-4BAB34224AAF}.AppStore|iPhone.Build.0 = Release|Any CPU
		{B5C3D468-1213-4DB9-A885-4BAB34224AAF}.AppStore|iPhoneSimulator.ActiveCfg = Release|Any CPU
		{B5C3D468-1213-4DB9-A885-4BAB34224AAF}.AppStore|iPhoneSimulator.Build.0 = Release|Any CPU
		{B5C3D468-1213-4DB9-A885-4BAB34224AAF}.Debug|Any CPU.ActiveCfg = Debug|Any CPU
		{B5C3D468-1213-4DB9-A885-4BAB34224AAF}.Debug|Any CPU.Build.0 = Debug|Any CPU
		{B5C3D468-1213-4DB9-A885-4BAB34224AAF}.Debug|iPhone.ActiveCfg = Debug|Any CPU
		{B5C3D468-1213-4DB9-A885-4BAB34224AAF}.Debug|iPhone.Build.0 = Debug|Any CPU
		{B5C3D468-1213-4DB9-A885-4BAB34224AAF}.Debug|iPhoneSimulator.ActiveCfg = Debug|Any CPU
		{B5C3D468-1213-4DB9-A885-4BAB34224AAF}.Debug|iPhoneSimulator.Build.0 = Debug|Any CPU
		{B5C3D468-1213-4DB9-A885-4BAB34224AAF}.Release|Any CPU.ActiveCfg = Release|Any CPU
		{B5C3D468-1213-4DB9-A885-4BAB34224AAF}.Release|Any CPU.Build.0 = Release|Any CPU
		{B5C3D468-1213-4DB9-A885-4BAB34224AAF}.Release|iPhone.ActiveCfg = Release|Any CPU
		{B5C3D468-1213-4DB9-A885-4BAB34224AAF}.Release|iPhone.Build.0 = Release|Any CPU
		{B5C3D468-1213-4DB9-A885-4BAB34224AAF}.Release|iPhoneSimulator.ActiveCfg = Release|Any CPU
		{B5C3D468-1213-4DB9-A885-4BAB34224AAF}.Release|iPhoneSimulator.Build.0 = Release|Any CPU
		{6C77D817-7B99-4382-9E55-037E9BD054E9}.Ad-Hoc|Any CPU.ActiveCfg = Debug|Any CPU
		{6C77D817-7B99-4382-9E55-037E9BD054E9}.Ad-Hoc|Any CPU.Build.0 = Debug|Any CPU
		{6C77D817-7B99-4382-9E55-037E9BD054E9}.Ad-Hoc|iPhone.ActiveCfg = Debug|Any CPU
		{6C77D817-7B99-4382-9E55-037E9BD054E9}.Ad-Hoc|iPhone.Build.0 = Debug|Any CPU
		{6C77D817-7B99-4382-9E55-037E9BD054E9}.Ad-Hoc|iPhoneSimulator.ActiveCfg = Debug|Any CPU
		{6C77D817-7B99-4382-9E55-037E9BD054E9}.Ad-Hoc|iPhoneSimulator.Build.0 = Debug|Any CPU
		{6C77D817-7B99-4382-9E55-037E9BD054E9}.AppStore|Any CPU.ActiveCfg = Debug|Any CPU
		{6C77D817-7B99-4382-9E55-037E9BD054E9}.AppStore|Any CPU.Build.0 = Debug|Any CPU
		{6C77D817-7B99-4382-9E55-037E9BD054E9}.AppStore|iPhone.ActiveCfg = Debug|Any CPU
		{6C77D817-7B99-4382-9E55-037E9BD054E9}.AppStore|iPhone.Build.0 = Debug|Any CPU
		{6C77D817-7B99-4382-9E55-037E9BD054E9}.AppStore|iPhoneSimulator.ActiveCfg = Debug|Any CPU
		{6C77D817-7B99-4382-9E55-037E9BD054E9}.AppStore|iPhoneSimulator.Build.0 = Debug|Any CPU
		{6C77D817-7B99-4382-9E55-037E9BD054E9}.Debug|Any CPU.ActiveCfg = Debug|Any CPU
		{6C77D817-7B99-4382-9E55-037E9BD054E9}.Debug|Any CPU.Build.0 = Debug|Any CPU
		{6C77D817-7B99-4382-9E55-037E9BD054E9}.Debug|iPhone.ActiveCfg = Debug|Any CPU
		{6C77D817-7B99-4382-9E55-037E9BD054E9}.Debug|iPhone.Build.0 = Debug|Any CPU
		{6C77D817-7B99-4382-9E55-037E9BD054E9}.Debug|iPhoneSimulator.ActiveCfg = Debug|Any CPU
		{6C77D817-7B99-4382-9E55-037E9BD054E9}.Debug|iPhoneSimulator.Build.0 = Debug|Any CPU
		{6C77D817-7B99-4382-9E55-037E9BD054E9}.Release|Any CPU.ActiveCfg = Release|Any CPU
		{6C77D817-7B99-4382-9E55-037E9BD054E9}.Release|Any CPU.Build.0 = Release|Any CPU
		{6C77D817-7B99-4382-9E55-037E9BD054E9}.Release|iPhone.ActiveCfg = Release|Any CPU
		{6C77D817-7B99-4382-9E55-037E9BD054E9}.Release|iPhone.Build.0 = Release|Any CPU
		{6C77D817-7B99-4382-9E55-037E9BD054E9}.Release|iPhoneSimulator.ActiveCfg = Release|Any CPU
		{6C77D817-7B99-4382-9E55-037E9BD054E9}.Release|iPhoneSimulator.Build.0 = Release|Any CPU
		{35B628B8-C065-4D93-87E6-43242B6ACBFA}.Ad-Hoc|Any CPU.ActiveCfg = Debug|Any CPU
		{35B628B8-C065-4D93-87E6-43242B6ACBFA}.Ad-Hoc|Any CPU.Build.0 = Debug|Any CPU
		{35B628B8-C065-4D93-87E6-43242B6ACBFA}.Ad-Hoc|iPhone.ActiveCfg = Debug|Any CPU
		{35B628B8-C065-4D93-87E6-43242B6ACBFA}.Ad-Hoc|iPhone.Build.0 = Debug|Any CPU
		{35B628B8-C065-4D93-87E6-43242B6ACBFA}.Ad-Hoc|iPhoneSimulator.ActiveCfg = Debug|Any CPU
		{35B628B8-C065-4D93-87E6-43242B6ACBFA}.Ad-Hoc|iPhoneSimulator.Build.0 = Debug|Any CPU
		{35B628B8-C065-4D93-87E6-43242B6ACBFA}.AppStore|Any CPU.ActiveCfg = Debug|Any CPU
		{35B628B8-C065-4D93-87E6-43242B6ACBFA}.AppStore|Any CPU.Build.0 = Debug|Any CPU
		{35B628B8-C065-4D93-87E6-43242B6ACBFA}.AppStore|iPhone.ActiveCfg = Debug|Any CPU
		{35B628B8-C065-4D93-87E6-43242B6ACBFA}.AppStore|iPhone.Build.0 = Debug|Any CPU
		{35B628B8-C065-4D93-87E6-43242B6ACBFA}.AppStore|iPhoneSimulator.ActiveCfg = Debug|Any CPU
		{35B628B8-C065-4D93-87E6-43242B6ACBFA}.AppStore|iPhoneSimulator.Build.0 = Debug|Any CPU
		{35B628B8-C065-4D93-87E6-43242B6ACBFA}.Debug|Any CPU.ActiveCfg = Debug|Any CPU
		{35B628B8-C065-4D93-87E6-43242B6ACBFA}.Debug|Any CPU.Build.0 = Debug|Any CPU
		{35B628B8-C065-4D93-87E6-43242B6ACBFA}.Debug|iPhone.ActiveCfg = Debug|Any CPU
		{35B628B8-C065-4D93-87E6-43242B6ACBFA}.Debug|iPhone.Build.0 = Debug|Any CPU
		{35B628B8-C065-4D93-87E6-43242B6ACBFA}.Debug|iPhoneSimulator.ActiveCfg = Debug|Any CPU
		{35B628B8-C065-4D93-87E6-43242B6ACBFA}.Debug|iPhoneSimulator.Build.0 = Debug|Any CPU
		{35B628B8-C065-4D93-87E6-43242B6ACBFA}.Release|Any CPU.ActiveCfg = Release|Any CPU
		{35B628B8-C065-4D93-87E6-43242B6ACBFA}.Release|Any CPU.Build.0 = Release|Any CPU
		{35B628B8-C065-4D93-87E6-43242B6ACBFA}.Release|iPhone.ActiveCfg = Release|Any CPU
		{35B628B8-C065-4D93-87E6-43242B6ACBFA}.Release|iPhone.Build.0 = Release|Any CPU
		{35B628B8-C065-4D93-87E6-43242B6ACBFA}.Release|iPhoneSimulator.ActiveCfg = Release|Any CPU
		{35B628B8-C065-4D93-87E6-43242B6ACBFA}.Release|iPhoneSimulator.Build.0 = Release|Any CPU
		{1D057B42-B6C1-4ACD-8556-F754AEF0E702}.Ad-Hoc|Any CPU.ActiveCfg = Release|Any CPU
		{1D057B42-B6C1-4ACD-8556-F754AEF0E702}.Ad-Hoc|Any CPU.Build.0 = Release|Any CPU
		{1D057B42-B6C1-4ACD-8556-F754AEF0E702}.Ad-Hoc|iPhone.ActiveCfg = Release|Any CPU
		{1D057B42-B6C1-4ACD-8556-F754AEF0E702}.Ad-Hoc|iPhone.Build.0 = Release|Any CPU
		{1D057B42-B6C1-4ACD-8556-F754AEF0E702}.Ad-Hoc|iPhoneSimulator.ActiveCfg = Release|Any CPU
		{1D057B42-B6C1-4ACD-8556-F754AEF0E702}.Ad-Hoc|iPhoneSimulator.Build.0 = Release|Any CPU
		{1D057B42-B6C1-4ACD-8556-F754AEF0E702}.AppStore|Any CPU.ActiveCfg = Release|Any CPU
		{1D057B42-B6C1-4ACD-8556-F754AEF0E702}.AppStore|Any CPU.Build.0 = Release|Any CPU
		{1D057B42-B6C1-4ACD-8556-F754AEF0E702}.AppStore|iPhone.ActiveCfg = Release|Any CPU
		{1D057B42-B6C1-4ACD-8556-F754AEF0E702}.AppStore|iPhone.Build.0 = Release|Any CPU
		{1D057B42-B6C1-4ACD-8556-F754AEF0E702}.AppStore|iPhoneSimulator.ActiveCfg = Release|Any CPU
		{1D057B42-B6C1-4ACD-8556-F754AEF0E702}.AppStore|iPhoneSimulator.Build.0 = Release|Any CPU
		{1D057B42-B6C1-4ACD-8556-F754AEF0E702}.Debug|Any CPU.ActiveCfg = Debug|Any CPU
		{1D057B42-B6C1-4ACD-8556-F754AEF0E702}.Debug|Any CPU.Build.0 = Debug|Any CPU
		{1D057B42-B6C1-4ACD-8556-F754AEF0E702}.Debug|iPhone.ActiveCfg = Debug|Any CPU
		{1D057B42-B6C1-4ACD-8556-F754AEF0E702}.Debug|iPhone.Build.0 = Debug|Any CPU
		{1D057B42-B6C1-4ACD-8556-F754AEF0E702}.Debug|iPhoneSimulator.ActiveCfg = Debug|Any CPU
		{1D057B42-B6C1-4ACD-8556-F754AEF0E702}.Debug|iPhoneSimulator.Build.0 = Debug|Any CPU
		{1D057B42-B6C1-4ACD-8556-F754AEF0E702}.Release|Any CPU.ActiveCfg = Release|Any CPU
		{1D057B42-B6C1-4ACD-8556-F754AEF0E702}.Release|Any CPU.Build.0 = Release|Any CPU
		{1D057B42-B6C1-4ACD-8556-F754AEF0E702}.Release|iPhone.ActiveCfg = Release|Any CPU
		{1D057B42-B6C1-4ACD-8556-F754AEF0E702}.Release|iPhone.Build.0 = Release|Any CPU
		{1D057B42-B6C1-4ACD-8556-F754AEF0E702}.Release|iPhoneSimulator.ActiveCfg = Release|Any CPU
		{1D057B42-B6C1-4ACD-8556-F754AEF0E702}.Release|iPhoneSimulator.Build.0 = Release|Any CPU
		{925C7E1C-DD1B-44C2-A94F-8F3659CB97BA}.Ad-Hoc|Any CPU.ActiveCfg = Debug|Any CPU
		{925C7E1C-DD1B-44C2-A94F-8F3659CB97BA}.Ad-Hoc|Any CPU.Build.0 = Debug|Any CPU
		{925C7E1C-DD1B-44C2-A94F-8F3659CB97BA}.Ad-Hoc|iPhone.ActiveCfg = Debug|Any CPU
		{925C7E1C-DD1B-44C2-A94F-8F3659CB97BA}.Ad-Hoc|iPhone.Build.0 = Debug|Any CPU
		{925C7E1C-DD1B-44C2-A94F-8F3659CB97BA}.Ad-Hoc|iPhoneSimulator.ActiveCfg = Debug|Any CPU
		{925C7E1C-DD1B-44C2-A94F-8F3659CB97BA}.Ad-Hoc|iPhoneSimulator.Build.0 = Debug|Any CPU
		{925C7E1C-DD1B-44C2-A94F-8F3659CB97BA}.AppStore|Any CPU.ActiveCfg = Debug|Any CPU
		{925C7E1C-DD1B-44C2-A94F-8F3659CB97BA}.AppStore|Any CPU.Build.0 = Debug|Any CPU
		{925C7E1C-DD1B-44C2-A94F-8F3659CB97BA}.AppStore|iPhone.ActiveCfg = Debug|Any CPU
		{925C7E1C-DD1B-44C2-A94F-8F3659CB97BA}.AppStore|iPhone.Build.0 = Debug|Any CPU
		{925C7E1C-DD1B-44C2-A94F-8F3659CB97BA}.AppStore|iPhoneSimulator.ActiveCfg = Debug|Any CPU
		{925C7E1C-DD1B-44C2-A94F-8F3659CB97BA}.AppStore|iPhoneSimulator.Build.0 = Debug|Any CPU
		{925C7E1C-DD1B-44C2-A94F-8F3659CB97BA}.Debug|Any CPU.ActiveCfg = Debug|Any CPU
		{925C7E1C-DD1B-44C2-A94F-8F3659CB97BA}.Debug|Any CPU.Build.0 = Debug|Any CPU
		{925C7E1C-DD1B-44C2-A94F-8F3659CB97BA}.Debug|iPhone.ActiveCfg = Debug|Any CPU
		{925C7E1C-DD1B-44C2-A94F-8F3659CB97BA}.Debug|iPhone.Build.0 = Debug|Any CPU
		{925C7E1C-DD1B-44C2-A94F-8F3659CB97BA}.Debug|iPhoneSimulator.ActiveCfg = Debug|Any CPU
		{925C7E1C-DD1B-44C2-A94F-8F3659CB97BA}.Debug|iPhoneSimulator.Build.0 = Debug|Any CPU
		{925C7E1C-DD1B-44C2-A94F-8F3659CB97BA}.Release|Any CPU.ActiveCfg = Release|Any CPU
		{925C7E1C-DD1B-44C2-A94F-8F3659CB97BA}.Release|Any CPU.Build.0 = Release|Any CPU
		{925C7E1C-DD1B-44C2-A94F-8F3659CB97BA}.Release|iPhone.ActiveCfg = Release|Any CPU
		{925C7E1C-DD1B-44C2-A94F-8F3659CB97BA}.Release|iPhone.Build.0 = Release|Any CPU
		{925C7E1C-DD1B-44C2-A94F-8F3659CB97BA}.Release|iPhoneSimulator.ActiveCfg = Release|Any CPU
		{925C7E1C-DD1B-44C2-A94F-8F3659CB97BA}.Release|iPhoneSimulator.Build.0 = Release|Any CPU
	EndGlobalSection
	GlobalSection(SolutionProperties) = preSolution
		HideSolutionNode = FALSE
	EndGlobalSection
	GlobalSection(ExtensibilityGlobals) = postSolution
		SolutionGuid = {5647369F-C981-4859-AD60-D5FE7F1FB68B}
	EndGlobalSection
EndGlobal
